
Microsoft Visual Studio Solution File, Format Version 12.00
# Visual Studio Version 17
VisualStudioVersion = 17.0.31903.59
MinimumVisualStudioVersion = 10.0.40219.1
Project("{9A19103F-16F7-4668-BE54-9A1E7A4F7556}") = "ColorGenerator.Tests", "ColorGenerator.Tests\ColorGenerator.Tests.csproj", "{11A7B6EA-CB2D-49B5-8B64-925264079FF5}"
EndProject
Project("{9A19103F-16F7-4668-BE54-9A1E7A4F7556}") = "ColorGenerator", "ColorGenerator\ColorGenerator.csproj", "{77BF1A6B-EDE4-4D4F-A41A-E10C24CCE960}"
EndProject
Project("{FAE04EC0-301F-11D3-BF4B-00C04F79EFBC}") = "ColorGenerator.Web", "ColorGenerator.Web\ColorGenerator.Web.csproj", "{49078C48-6672-47C0-B6D9-82375A56F502}"
EndProject
Global
	GlobalSection(SolutionConfigurationPlatforms) = preSolution
		Debug|Any CPU = Debug|Any CPU
		Release|Any CPU = Release|Any CPU
	EndGlobalSection
	GlobalSection(ProjectConfigurationPlatforms) = postSolution
		{11A7B6EA-CB2D-49B5-8B64-925264079FF5}.Debug|Any CPU.ActiveCfg = Debug|Any CPU
		{11A7B6EA-CB2D-49B5-8B64-925264079FF5}.Debug|Any CPU.Build.0 = Debug|Any CPU
		{11A7B6EA-CB2D-49B5-8B64-925264079FF5}.Release|Any CPU.ActiveCfg = Release|Any CPU
		{11A7B6EA-CB2D-49B5-8B64-925264079FF5}.Release|Any CPU.Build.0 = Release|Any CPU
		{77BF1A6B-EDE4-4D4F-A41A-E10C24CCE960}.Debug|Any CPU.ActiveCfg = Debug|Any CPU
		{77BF1A6B-EDE4-4D4F-A41A-E10C24CCE960}.Debug|Any CPU.Build.0 = Debug|Any CPU
		{77BF1A6B-EDE4-4D4F-A41A-E10C24CCE960}.Release|Any CPU.ActiveCfg = Release|Any CPU
		{77BF1A6B-EDE4-4D4F-A41A-E10C24CCE960}.Release|Any CPU.Build.0 = Release|Any CPU
		{49078C48-6672-47C0-B6D9-82375A56F502}.Debug|Any CPU.ActiveCfg = Debug|Any CPU
		{49078C48-6672-47C0-B6D9-82375A56F502}.Debug|Any CPU.Build.0 = Debug|Any CPU
		{49078C48-6672-47C0-B6D9-82375A56F502}.Release|Any CPU.ActiveCfg = Release|Any CPU
		{49078C48-6672-47C0-B6D9-82375A56F502}.Release|Any CPU.Build.0 = Release|Any CPU
	EndGlobalSection
	GlobalSection(SolutionProperties) = preSolution
		HideSolutionNode = FALSE
	EndGlobalSection
	GlobalSection(ExtensibilityGlobals) = postSolution
		SolutionGuid = {E83E2B1E-8BA9-48CE-871C-C675595FC12C}
	EndGlobalSection
EndGlobal
